<?xml version="1.0" encoding="utf-8"?>
<Project ToolsVersion="4.0" xmlns="http://schemas.microsoft.com/developer/msbuild/2003">
  <ItemGroup>
    <Filter Include="C/C++ Source Files">
      <UniqueIdentifier>{09c8c803-091e-4c41-b9f8-8e6d46b6699e}</UniqueIdentifier>
      <Extensions>c;cpp</Extensions>
    </Filter>
    <Filter Include="H Source Files">
      <UniqueIdentifier>{d43b46ea-31c8-4541-94a9-fede452eeea6}</UniqueIdentifier>
      <Extensions>h;hpp</Extensions>
    </Filter>
    <Filter Include="Resource Files">
      <UniqueIdentifier>{7e6b5fa7-c442-45fb-99c1-460a43be21d8}</UniqueIdentifier>
      <Extensions>rc;manifest;ver</Extensions>
    </Filter>
    <Filter Include="Image Files">
      <UniqueIdentifier>{9573b67f-4914-49e2-a34e-44936c3ba61d}</UniqueIdentifier>
      <Extensions>bmp;ico;cur</Extensions>
    </Filter>
  </ItemGroup>
  <ItemGroup>
    <ClCompile Include="src\Dialogs.c">
      <Filter>C/C++ Source Files</Filter>
    </ClCompile>
    <ClCompile Include="src\Dlapi.c">
      <Filter>C/C++ Source Files</Filter>
    </ClCompile>
    <ClCompile Include="src\Dropsource.cpp">
      <Filter>C/C++ Source Files</Filter>
    </ClCompile>
    <ClCompile Include="src\Helpers.c">
      <Filter>C/C++ Source Files</Filter>
    </ClCompile>
    <ClCompile Include="src\metapath.c">
      <Filter>C/C++ Source Files</Filter>
    </ClCompile>
  </ItemGroup>
  <ItemGroup>
    <ClInclude Include="src\Dialogs.h">
      <Filter>H Source Files</Filter>
    </ClInclude>
    <ClInclude Include="src\Dlapi.h">
      <Filter>H Source Files</Filter>
    </ClInclude>
    <ClInclude Include="src\Dropsource.h">
      <Filter>H Source Files</Filter>
    </ClInclude>
    <ClInclude Include="src\Helpers.h">
      <Filter>H Source Files</Filter>
    </ClInclude>
    <ClInclude Include="src\metapath.h">
      <Filter>H Source Files</Filter>
    </ClInclude>
    <ClInclude Include="src\resource.h">
      <Filter>H Source Files</Filter>
    </ClInclude>
    <ClInclude Include="src\version.h">
      <Filter>H Source Files</Filter>
    </ClInclude>
  </ItemGroup>
  <ItemGroup>
    <Manifest Include="res\metapath.exe.manifest">
      <Filter>Resource Files</Filter>
    </Manifest>
  </ItemGroup>
  <ItemGroup>
    <ResourceCompile Include="src\metapath.rc">
      <Filter>Resource Files</Filter>
    </ResourceCompile>
  </ItemGroup>
  <ItemGroup>
    <None Include="src\metapath.ver">
      <Filter>Resource Files</Filter>
    </None>
    <None Include="res\Folder.ico">
      <Filter>Image Files</Filter>
    </None>
    <None Include="res\Goto.ico">
      <Filter>Image Files</Filter>
    </None>
    <None Include="res\Hover.cur">
      <Filter>Image Files</Filter>
    </None>
    <None Include="res\Items.ico">
      <Filter>Image Files</Filter>
    </None>
    <None Include="res\Open.bmp">
      <Filter>Image Files</Filter>
    </None>
    <None Include="res\Options.ico">
      <Filter>Image Files</Filter>
    </None>
    <None Include="res\Options2.ico">
      <Filter>Image Files</Filter>
    </None>
    <None Include="res\Progs.ico">
      <Filter>Image Files</Filter>
    </None>
    <None Include="res\Run.ico">
      <Filter>Image Files</Filter>
    </None>
    <None Include="res\Toolbar.bmp">
      <Filter>Image Files</Filter>
    </None>
    <None Include="res\cross1.ico">
      <Filter>Image Files</Filter>
    </None>
    <None Include="res\cross2.ico">
      <Filter>Image Files</Filter>
    </None>
    <None Include="res\crosshair.cur">
      <Filter>Image Files</Filter>
    </None>
    <None Include="res\metapath.ico">
      <Filter>Image Files</Filter>
    </None>
  </ItemGroup>
</Project>