
Microsoft Visual Studio Solution File, Format Version 12.00
# Visual Studio 15
VisualStudioVersion = 15.0.28307.1082
MinimumVisualStudioVersion = 10.0.40219.1
Project("{8BC9CEB8-8B4A-11D0-8D11-00A0C91BC942}") = "Notepad2(zh-Hans)", "zh-Hans\Notepad2(zh-Hans).vcxproj", "{14E1F7FB-7F84-4D06-AF55-378DFD7519DF}"
EndProject
Project("{8BC9CEB8-8B4A-11D0-8D11-00A0C91BC942}") = "metapath(zh-Hans)", "zh-Hans\metapath(zh-Hans).vcxproj", "{F37FF010-CCB6-4FCB-9598-66076C15BFBD}"
EndProject
Project("{8BC9CEB8-8B4A-11D0-8D11-00A0C91BC942}") = "metapath(zh-Hant)", "zh-Hant\metapath(zh-Hant).vcxproj", "{CABE59DA-EB79-453A-8C8D-641185E27C92}"
EndProject
Project("{8BC9CEB8-8B4A-11D0-8D11-00A0C91BC942}") = "Notepad2(zh-Hant)", "zh-Hant\Notepad2(zh-Hant).vcxproj", "{5961C11A-D947-490D-BCC3-44737DF1B963}"
EndProject
Global
	GlobalSection(SolutionConfigurationPlatforms) = preSolution
		Debug|ARM = Debug|ARM
		Debug|ARM64 = Debug|ARM64
		Debug|Win32 = Debug|Win32
		Debug|x64 = Debug|x64
		Release|ARM = Release|ARM
		Release|ARM64 = Release|ARM64
		Release|Win32 = Release|Win32
		Release|x64 = Release|x64
	EndGlobalSection
	GlobalSection(ProjectConfigurationPlatforms) = postSolution
		{14E1F7FB-7F84-4D06-AF55-378DFD7519DF}.Debug|ARM.ActiveCfg = Debug|ARM
		{14E1F7FB-7F84-4D06-AF55-378DFD7519DF}.Debug|ARM.Build.0 = Debug|ARM
		{14E1F7FB-7F84-4D06-AF55-378DFD7519DF}.Debug|ARM64.ActiveCfg = Debug|ARM64
		{14E1F7FB-7F84-4D06-AF55-378DFD7519DF}.Debug|ARM64.Build.0 = Debug|ARM64
		{14E1F7FB-7F84-4D06-AF55-378DFD7519DF}.Debug|Win32.ActiveCfg = Debug|Win32
		{14E1F7FB-7F84-4D06-AF55-378DFD7519DF}.Debug|Win32.Build.0 = Debug|Win32
		{14E1F7FB-7F84-4D06-AF55-378DFD7519DF}.Debug|x64.ActiveCfg = Debug|x64
		{14E1F7FB-7F84-4D06-AF55-378DFD7519DF}.Debug|x64.Build.0 = Debug|x64
		{14E1F7FB-7F84-4D06-AF55-378DFD7519DF}.Release|ARM.ActiveCfg = Release|ARM
		{14E1F7FB-7F84-4D06-AF55-378DFD7519DF}.Release|ARM.Build.0 = Release|ARM
		{14E1F7FB-7F84-4D06-AF55-378DFD7519DF}.Release|ARM64.ActiveCfg = Release|ARM64
		{14E1F7FB-7F84-4D06-AF55-378DFD7519DF}.Release|ARM64.Build.0 = Release|ARM64
		{14E1F7FB-7F84-4D06-AF55-378DFD7519DF}.Release|Win32.ActiveCfg = Release|Win32
		{14E1F7FB-7F84-4D06-AF55-378DFD7519DF}.Release|Win32.Build.0 = Release|Win32
		{14E1F7FB-7F84-4D06-AF55-378DFD7519DF}.Release|x64.ActiveCfg = Release|x64
		{14E1F7FB-7F84-4D06-AF55-378DFD7519DF}.Release|x64.Build.0 = Release|x64
		{F37FF010-CCB6-4FCB-9598-66076C15BFBD}.Debug|ARM.ActiveCfg = Debug|ARM
		{F37FF010-CCB6-4FCB-9598-66076C15BFBD}.Debug|ARM.Build.0 = Debug|ARM
		{F37FF010-CCB6-4FCB-9598-66076C15BFBD}.Debug|ARM64.ActiveCfg = Debug|ARM64
		{F37FF010-CCB6-4FCB-9598-66076C15BFBD}.Debug|ARM64.Build.0 = Debug|ARM64
		{F37FF010-CCB6-4FCB-9598-66076C15BFBD}.Debug|Win32.ActiveCfg = Debug|Win32
		{F37FF010-CCB6-4FCB-9598-66076C15BFBD}.Debug|Win32.Build.0 = Debug|Win32
		{F37FF010-CCB6-4FCB-9598-66076C15BFBD}.Debug|x64.ActiveCfg = Debug|x64
		{F37FF010-CCB6-4FCB-9598-66076C15BFBD}.Debug|x64.Build.0 = Debug|x64
		{F37FF010-CCB6-4FCB-9598-66076C15BFBD}.Release|ARM.ActiveCfg = Release|ARM
		{F37FF010-CCB6-4FCB-9598-66076C15BFBD}.Release|ARM.Build.0 = Release|ARM
		{F37FF010-CCB6-4FCB-9598-66076C15BFBD}.Release|ARM64.ActiveCfg = Release|ARM64
		{F37FF010-CCB6-4FCB-9598-66076C15BFBD}.Release|ARM64.Build.0 = Release|ARM64
		{F37FF010-CCB6-4FCB-9598-66076C15BFBD}.Release|Win32.ActiveCfg = Release|Win32
		{F37FF010-CCB6-4FCB-9598-66076C15BFBD}.Release|Win32.Build.0 = Release|Win32
		{F37FF010-CCB6-4FCB-9598-66076C15BFBD}.Release|x64.ActiveCfg = Release|x64
		{F37FF010-CCB6-4FCB-9598-66076C15BFBD}.Release|x64.Build.0 = Release|x64
		{CABE59DA-EB79-453A-8C8D-641185E27C92}.Debug|ARM.ActiveCfg = Debug|ARM
		{CABE59DA-EB79-453A-8C8D-641185E27C92}.Debug|ARM.Build.0 = Debug|ARM
		{CABE59DA-EB79-453A-8C8D-641185E27C92}.Debug|ARM64.ActiveCfg = Debug|ARM64
		{CABE59DA-EB79-453A-8C8D-641185E27C92}.Debug|ARM64.Build.0 = Debug|ARM64
		{CABE59DA-EB79-453A-8C8D-641185E27C92}.Debug|Win32.ActiveCfg = Debug|Win32
		{CABE59DA-EB79-453A-8C8D-641185E27C92}.Debug|Win32.Build.0 = Debug|Win32
		{CABE59DA-EB79-453A-8C8D-641185E27C92}.Debug|x64.ActiveCfg = Debug|x64
		{CABE59DA-EB79-453A-8C8D-641185E27C92}.Debug|x64.Build.0 = Debug|x64
		{CABE59DA-EB79-453A-8C8D-641185E27C92}.Release|ARM.ActiveCfg = Release|ARM
		{CABE59DA-EB79-453A-8C8D-641185E27C92}.Release|ARM.Build.0 = Release|ARM
		{CABE59DA-EB79-453A-8C8D-641185E27C92}.Release|ARM64.ActiveCfg = Release|ARM64
		{CABE59DA-EB79-453A-8C8D-641185E27C92}.Release|ARM64.Build.0 = Release|ARM64
		{CABE59DA-EB79-453A-8C8D-641185E27C92}.Release|Win32.ActiveCfg = Release|Win32
		{CABE59DA-EB79-453A-8C8D-641185E27C92}.Release|Win32.Build.0 = Release|Win32
		{CABE59DA-EB79-453A-8C8D-641185E27C92}.Release|x64.ActiveCfg = Release|x64
		{CABE59DA-EB79-453A-8C8D-641185E27C92}.Release|x64.Build.0 = Release|x64
		{5961C11A-D947-490D-BCC3-44737DF1B963}.Debug|ARM.ActiveCfg = Debug|ARM
		{5961C11A-D947-490D-BCC3-44737DF1B963}.Debug|ARM.Build.0 = Debug|ARM
		{5961C11A-D947-490D-BCC3-44737DF1B963}.Debug|ARM64.ActiveCfg = Debug|ARM64
		{5961C11A-D947-490D-BCC3-44737DF1B963}.Debug|ARM64.Build.0 = Debug|ARM64
		{5961C11A-D947-490D-BCC3-44737DF1B963}.Debug|Win32.ActiveCfg = Debug|Win32
		{5961C11A-D947-490D-BCC3-44737DF1B963}.Debug|Win32.Build.0 = Debug|Win32
		{5961C11A-D947-490D-BCC3-44737DF1B963}.Debug|x64.ActiveCfg = Debug|x64
		{5961C11A-D947-490D-BCC3-44737DF1B963}.Debug|x64.Build.0 = Debug|x64
		{5961C11A-D947-490D-BCC3-44737DF1B963}.Release|ARM.ActiveCfg = Release|ARM
		{5961C11A-D947-490D-BCC3-44737DF1B963}.Release|ARM.Build.0 = Release|ARM
		{5961C11A-D947-490D-BCC3-44737DF1B963}.Release|ARM64.ActiveCfg = Release|ARM64
		{5961C11A-D947-490D-BCC3-44737DF1B963}.Release|ARM64.Build.0 = Release|ARM64
		{5961C11A-D947-490D-BCC3-44737DF1B963}.Release|Win32.ActiveCfg = Release|Win32
		{5961C11A-D947-490D-BCC3-44737DF1B963}.Release|Win32.Build.0 = Release|Win32
		{5961C11A-D947-490D-BCC3-44737DF1B963}.Release|x64.ActiveCfg = Release|x64
		{5961C11A-D947-490D-BCC3-44737DF1B963}.Release|x64.Build.0 = Release|x64
	EndGlobalSection
	GlobalSection(SolutionProperties) = preSolution
		HideSolutionNode = FALSE
	EndGlobalSection
	GlobalSection(ExtensibilityGlobals) = postSolution
		SolutionGuid = {4D8BAA86-9067-4124-A633-1816E7AE5A54}
	EndGlobalSection
EndGlobal
